
Microsoft Visual Studio Solution File, Format Version 12.00
# Visual Studio Version 17
VisualStudioVersion = 17.0.32014.148
MinimumVisualStudioVersion = 10.0.40219.1
Project("{9A19103F-16F7-4668-BE54-9A1E7A4F7556}") = "Gnoss.DevTools.ViewMaker", "Gnoss.DevTools.ViewMaker\Gnoss.DevTools.ViewMaker.csproj", "{9F677462-ECEC-4C43-BE4F-2D0FD1FCF6D5}"
EndProject
Global
	GlobalSection(SolutionConfigurationPlatforms) = preSolution
		Debug|Any CPU = Debug|Any CPU
		Release|Any CPU = Release|Any CPU
	EndGlobalSection
	GlobalSection(ProjectConfigurationPlatforms) = postSolution
		{9F677462-ECEC-4C43-BE4F-2D0FD1FCF6D5}.Debug|Any CPU.ActiveCfg = Debug|Any CPU
		{9F677462-ECEC-4C43-BE4F-2D0FD1FCF6D5}.Debug|Any CPU.Build.0 = Debug|Any CPU
		{9F677462-ECEC-4C43-BE4F-2D0FD1FCF6D5}.Release|Any CPU.ActiveCfg = Release|Any CPU
		{9F677462-ECEC-4C43-BE4F-2D0FD1FCF6D5}.Release|Any CPU.Build.0 = Release|Any CPU
	EndGlobalSection
	GlobalSection(SolutionProperties) = preSolution
		HideSolutionNode = FALSE
	EndGlobalSection
	GlobalSection(ExtensibilityGlobals) = postSolution
		SolutionGuid = {12C1CECA-AA12-4778-B348-9BCAD472C5EF}
	EndGlobalSection
EndGlobal
